
Microsoft Visual Studio Solution File, Format Version 12.00
# Visual Studio Version 17
VisualStudioVersion = 17.0.31903.59
MinimumVisualStudioVersion = 10.0.40219.1
Project("{2150E333-8FDC-42A3-9474-1A3956D46DE8}") = "src", "src", "{827E0CD3-B72D-47B6-A68D-7590B98EB39B}"
EndProject
Project("{FAE04EC0-301F-11D3-BF4B-00C04F79EFBC}") = "CPElite.Domain", "src\CPElite.Domain\CPElite.Domain.csproj", "{41DB72C7-7FD1-4F2F-82FB-DDE13B810D8B}"
EndProject
Project("{FAE04EC0-301F-11D3-BF4B-00C04F79EFBC}") = "CPElite.Contracts", "src\CPElite.Contracts\CPElite.Contracts.csproj", "{A9982A50-7024-4EA7-82A7-A28507F6ECF1}"
EndProject
Project("{FAE04EC0-301F-11D3-BF4B-00C04F79EFBC}") = "CPElite.Application", "src\CPElite.Application\CPElite.Application.csproj", "{9526B17D-804A-47BB-BEAE-5D4223348AD6}"
EndProject
Project("{FAE04EC0-301F-11D3-BF4B-00C04F79EFBC}") = "CPElite.Infrastructure", "src\CPElite.Infrastructure\CPElite.Infrastructure.csproj", "{75846A20-9C7C-4E3E-B67B-4700A10D9BC4}"
EndProject
Project("{FAE04EC0-301F-11D3-BF4B-00C04F79EFBC}") = "CPElite.Api", "src\CPElite.Api\CPElite.Api.csproj", "{7C8AECD3-5CEB-445A-821D-43FB4BA17A11}"
EndProject
Project("{FAE04EC0-301F-11D3-BF4B-00C04F79EFBC}") = "CPElite.Tests.Unit", "tests\CPElite.Tests.Unit\CPElite.Tests.Unit.csproj", "{D225F7C7-2BF8-4FBD-94C2-F8B3EE8A5306}"
EndProject
Project("{FAE04EC0-301F-11D3-BF4B-00C04F79EFBC}") = "CPElite.Tests.Integration", "tests\CPElite.Tests.Integration\CPElite.Tests.Integration.csproj", "{876E7F4E-B168-4A8A-B969-C18B36816C3A}"
EndProject
Project("{FAE04EC0-301F-11D3-BF4B-00C04F79EFBC}") = "CPElite.Web", "src\CPElite.Web\CPElite.Web.csproj", "{CC5B145C-4B00-4AC9-95E2-716A2799D51B}"
EndProject
Global
	GlobalSection(SolutionConfigurationPlatforms) = preSolution
		Debug|Any CPU = Debug|Any CPU
		Debug|x64 = Debug|x64
		Debug|x86 = Debug|x86
		Release|Any CPU = Release|Any CPU
		Release|x64 = Release|x64
		Release|x86 = Release|x86
	EndGlobalSection
	GlobalSection(ProjectConfigurationPlatforms) = postSolution
		{41DB72C7-7FD1-4F2F-82FB-DDE13B810D8B}.Debug|Any CPU.ActiveCfg = Debug|Any CPU
		{41DB72C7-7FD1-4F2F-82FB-DDE13B810D8B}.Debug|Any CPU.Build.0 = Debug|Any CPU
		{41DB72C7-7FD1-4F2F-82FB-DDE13B810D8B}.Debug|x64.ActiveCfg = Debug|Any CPU
		{41DB72C7-7FD1-4F2F-82FB-DDE13B810D8B}.Debug|x64.Build.0 = Debug|Any CPU
		{41DB72C7-7FD1-4F2F-82FB-DDE13B810D8B}.Debug|x86.ActiveCfg = Debug|Any CPU
		{41DB72C7-7FD1-4F2F-82FB-DDE13B810D8B}.Debug|x86.Build.0 = Debug|Any CPU
		{41DB72C7-7FD1-4F2F-82FB-DDE13B810D8B}.Release|Any CPU.ActiveCfg = Release|Any CPU
		{41DB72C7-7FD1-4F2F-82FB-DDE13B810D8B}.Release|Any CPU.Build.0 = Release|Any CPU
		{41DB72C7-7FD1-4F2F-82FB-DDE13B810D8B}.Release|x64.ActiveCfg = Release|Any CPU
		{41DB72C7-7FD1-4F2F-82FB-DDE13B810D8B}.Release|x64.Build.0 = Release|Any CPU
		{41DB72C7-7FD1-4F2F-82FB-DDE13B810D8B}.Release|x86.ActiveCfg = Release|Any CPU
		{41DB72C7-7FD1-4F2F-82FB-DDE13B810D8B}.Release|x86.Build.0 = Release|Any CPU
		{A9982A50-7024-4EA7-82A7-A28507F6ECF1}.Debug|Any CPU.ActiveCfg = Debug|Any CPU
		{A9982A50-7024-4EA7-82A7-A28507F6ECF1}.Debug|Any CPU.Build.0 = Debug|Any CPU
		{A9982A50-7024-4EA7-82A7-A28507F6ECF1}.Debug|x64.ActiveCfg = Debug|Any CPU
		{A9982A50-7024-4EA7-82A7-A28507F6ECF1}.Debug|x64.Build.0 = Debug|Any CPU
		{A9982A50-7024-4EA7-82A7-A28507F6ECF1}.Debug|x86.ActiveCfg = Debug|Any CPU
		{A9982A50-7024-4EA7-82A7-A28507F6ECF1}.Debug|x86.Build.0 = Debug|Any CPU
		{A9982A50-7024-4EA7-82A7-A28507F6ECF1}.Release|Any CPU.ActiveCfg = Release|Any CPU
		{A9982A50-7024-4EA7-82A7-A28507F6ECF1}.Release|Any CPU.Build.0 = Release|Any CPU
		{A9982A50-7024-4EA7-82A7-A28507F6ECF1}.Release|x64.ActiveCfg = Release|Any CPU
		{A9982A50-7024-4EA7-82A7-A28507F6ECF1}.Release|x64.Build.0 = Release|Any CPU
		{A9982A50-7024-4EA7-82A7-A28507F6ECF1}.Release|x86.ActiveCfg = Release|Any CPU
		{A9982A50-7024-4EA7-82A7-A28507F6ECF1}.Release|x86.Build.0 = Release|Any CPU
		{9526B17D-804A-47BB-BEAE-5D4223348AD6}.Debug|Any CPU.ActiveCfg = Debug|Any CPU
		{9526B17D-804A-47BB-BEAE-5D4223348AD6}.Debug|Any CPU.Build.0 = Debug|Any CPU
		{9526B17D-804A-47BB-BEAE-5D4223348AD6}.Debug|x64.ActiveCfg = Debug|Any CPU
		{9526B17D-804A-47BB-BEAE-5D4223348AD6}.Debug|x64.Build.0 = Debug|Any CPU
		{9526B17D-804A-47BB-BEAE-5D4223348AD6}.Debug|x86.ActiveCfg = Debug|Any CPU
		{9526B17D-804A-47BB-BEAE-5D4223348AD6}.Debug|x86.Build.0 = Debug|Any CPU
		{9526B17D-804A-47BB-BEAE-5D4223348AD6}.Release|Any CPU.ActiveCfg = Release|Any CPU
		{9526B17D-804A-47BB-BEAE-5D4223348AD6}.Release|Any CPU.Build.0 = Release|Any CPU
		{9526B17D-804A-47BB-BEAE-5D4223348AD6}.Release|x64.ActiveCfg = Release|Any CPU
		{9526B17D-804A-47BB-BEAE-5D4223348AD6}.Release|x64.Build.0 = Release|Any CPU
		{9526B17D-804A-47BB-BEAE-5D4223348AD6}.Release|x86.ActiveCfg = Release|Any CPU
		{9526B17D-804A-47BB-BEAE-5D4223348AD6}.Release|x86.Build.0 = Release|Any CPU
		{75846A20-9C7C-4E3E-B67B-4700A10D9BC4}.Debug|Any CPU.ActiveCfg = Debug|Any CPU
		{75846A20-9C7C-4E3E-B67B-4700A10D9BC4}.Debug|Any CPU.Build.0 = Debug|Any CPU
		{75846A20-9C7C-4E3E-B67B-4700A10D9BC4}.Debug|x64.ActiveCfg = Debug|Any CPU
		{75846A20-9C7C-4E3E-B67B-4700A10D9BC4}.Debug|x64.Build.0 = Debug|Any CPU
		{75846A20-9C7C-4E3E-B67B-4700A10D9BC4}.Debug|x86.ActiveCfg = Debug|Any CPU
		{75846A20-9C7C-4E3E-B67B-4700A10D9BC4}.Debug|x86.Build.0 = Debug|Any CPU
		{75846A20-9C7C-4E3E-B67B-4700A10D9BC4}.Release|Any CPU.ActiveCfg = Release|Any CPU
		{75846A20-9C7C-4E3E-B67B-4700A10D9BC4}.Release|Any CPU.Build.0 = Release|Any CPU
		{75846A20-9C7C-4E3E-B67B-4700A10D9BC4}.Release|x64.ActiveCfg = Release|Any CPU
		{75846A20-9C7C-4E3E-B67B-4700A10D9BC4}.Release|x64.Build.0 = Release|Any CPU
		{75846A20-9C7C-4E3E-B67B-4700A10D9BC4}.Release|x86.ActiveCfg = Release|Any CPU
		{75846A20-9C7C-4E3E-B67B-4700A10D9BC4}.Release|x86.Build.0 = Release|Any CPU
		{7C8AECD3-5CEB-445A-821D-43FB4BA17A11}.Debug|Any CPU.ActiveCfg = Debug|Any CPU
		{7C8AECD3-5CEB-445A-821D-43FB4BA17A11}.Debug|Any CPU.Build.0 = Debug|Any CPU
		{7C8AECD3-5CEB-445A-821D-43FB4BA17A11}.Debug|x64.ActiveCfg = Debug|Any CPU
		{7C8AECD3-5CEB-445A-821D-43FB4BA17A11}.Debug|x64.Build.0 = Debug|Any CPU
		{7C8AECD3-5CEB-445A-821D-43FB4BA17A11}.Debug|x86.ActiveCfg = Debug|Any CPU
		{7C8AECD3-5CEB-445A-821D-43FB4BA17A11}.Debug|x86.Build.0 = Debug|Any CPU
		{7C8AECD3-5CEB-445A-821D-43FB4BA17A11}.Release|Any CPU.ActiveCfg = Release|Any CPU
		{7C8AECD3-5CEB-445A-821D-43FB4BA17A11}.Release|Any CPU.Build.0 = Release|Any CPU
		{7C8AECD3-5CEB-445A-821D-43FB4BA17A11}.Release|x64.ActiveCfg = Release|Any CPU
		{7C8AECD3-5CEB-445A-821D-43FB4BA17A11}.Release|x64.Build.0 = Release|Any CPU
		{7C8AECD3-5CEB-445A-821D-43FB4BA17A11}.Release|x86.ActiveCfg = Release|Any CPU
		{7C8AECD3-5CEB-445A-821D-43FB4BA17A11}.Release|x86.Build.0 = Release|Any CPU
		{D225F7C7-2BF8-4FBD-94C2-F8B3EE8A5306}.Debug|Any CPU.ActiveCfg = Debug|Any CPU
		{D225F7C7-2BF8-4FBD-94C2-F8B3EE8A5306}.Debug|Any CPU.Build.0 = Debug|Any CPU
		{D225F7C7-2BF8-4FBD-94C2-F8B3EE8A5306}.Debug|x64.ActiveCfg = Debug|Any CPU
		{D225F7C7-2BF8-4FBD-94C2-F8B3EE8A5306}.Debug|x64.Build.0 = Debug|Any CPU
		{D225F7C7-2BF8-4FBD-94C2-F8B3EE8A5306}.Debug|x86.ActiveCfg = Debug|Any CPU
		{D225F7C7-2BF8-4FBD-94C2-F8B3EE8A5306}.Debug|x86.Build.0 = Debug|Any CPU
		{D225F7C7-2BF8-4FBD-94C2-F8B3EE8A5306}.Release|Any CPU.ActiveCfg = Release|Any CPU
		{D225F7C7-2BF8-4FBD-94C2-F8B3EE8A5306}.Release|Any CPU.Build.0 = Release|Any CPU
		{D225F7C7-2BF8-4FBD-94C2-F8B3EE8A5306}.Release|x64.ActiveCfg = Release|Any CPU
		{D225F7C7-2BF8-4FBD-94C2-F8B3EE8A5306}.Release|x64.Build.0 = Release|Any CPU
		{D225F7C7-2BF8-4FBD-94C2-F8B3EE8A5306}.Release|x86.ActiveCfg = Release|Any CPU
		{D225F7C7-2BF8-4FBD-94C2-F8B3EE8A5306}.Release|x86.Build.0 = Release|Any CPU
		{876E7F4E-B168-4A8A-B969-C18B36816C3A}.Debug|Any CPU.ActiveCfg = Debug|Any CPU
		{876E7F4E-B168-4A8A-B969-C18B36816C3A}.Debug|Any CPU.Build.0 = Debug|Any CPU
		{876E7F4E-B168-4A8A-B969-C18B36816C3A}.Debug|x64.ActiveCfg = Debug|Any CPU
		{876E7F4E-B168-4A8A-B969-C18B36816C3A}.Debug|x64.Build.0 = Debug|Any CPU
		{876E7F4E-B168-4A8A-B969-C18B36816C3A}.Debug|x86.ActiveCfg = Debug|Any CPU
		{876E7F4E-B168-4A8A-B969-C18B36816C3A}.Debug|x86.Build.0 = Debug|Any CPU
		{876E7F4E-B168-4A8A-B969-C18B36816C3A}.Release|Any CPU.ActiveCfg = Release|Any CPU
		{876E7F4E-B168-4A8A-B969-C18B36816C3A}.Release|Any CPU.Build.0 = Release|Any CPU
		{876E7F4E-B168-4A8A-B969-C18B36816C3A}.Release|x64.ActiveCfg = Release|Any CPU
		{876E7F4E-B168-4A8A-B969-C18B36816C3A}.Release|x64.Build.0 = Release|Any CPU
		{876E7F4E-B168-4A8A-B969-C18B36816C3A}.Release|x86.ActiveCfg = Release|Any CPU
		{876E7F4E-B168-4A8A-B969-C18B36816C3A}.Release|x86.Build.0 = Release|Any CPU
		{CC5B145C-4B00-4AC9-95E2-716A2799D51B}.Debug|Any CPU.ActiveCfg = Debug|Any CPU
		{CC5B145C-4B00-4AC9-95E2-716A2799D51B}.Debug|Any CPU.Build.0 = Debug|Any CPU
		{CC5B145C-4B00-4AC9-95E2-716A2799D51B}.Debug|x64.ActiveCfg = Debug|Any CPU
		{CC5B145C-4B00-4AC9-95E2-716A2799D51B}.Debug|x64.Build.0 = Debug|Any CPU
		{CC5B145C-4B00-4AC9-95E2-716A2799D51B}.Debug|x86.ActiveCfg = Debug|Any CPU
		{CC5B145C-4B00-4AC9-95E2-716A2799D51B}.Debug|x86.Build.0 = Debug|Any CPU
		{CC5B145C-4B00-4AC9-95E2-716A2799D51B}.Release|Any CPU.ActiveCfg = Release|Any CPU
		{CC5B145C-4B00-4AC9-95E2-716A2799D51B}.Release|Any CPU.Build.0 = Release|Any CPU
		{CC5B145C-4B00-4AC9-95E2-716A2799D51B}.Release|x64.ActiveCfg = Release|Any CPU
		{CC5B145C-4B00-4AC9-95E2-716A2799D51B}.Release|x64.Build.0 = Release|Any CPU
		{CC5B145C-4B00-4AC9-95E2-716A2799D51B}.Release|x86.ActiveCfg = Release|Any CPU
		{CC5B145C-4B00-4AC9-95E2-716A2799D51B}.Release|x86.Build.0 = Release|Any CPU
	EndGlobalSection
	GlobalSection(SolutionProperties) = preSolution
		HideSolutionNode = FALSE
	EndGlobalSection
	GlobalSection(NestedProjects) = preSolution
		{41DB72C7-7FD1-4F2F-82FB-DDE13B810D8B} = {827E0CD3-B72D-47B6-A68D-7590B98EB39B}
		{A9982A50-7024-4EA7-82A7-A28507F6ECF1} = {827E0CD3-B72D-47B6-A68D-7590B98EB39B}
		{9526B17D-804A-47BB-BEAE-5D4223348AD6} = {827E0CD3-B72D-47B6-A68D-7590B98EB39B}
		{75846A20-9C7C-4E3E-B67B-4700A10D9BC4} = {827E0CD3-B72D-47B6-A68D-7590B98EB39B}
		{7C8AECD3-5CEB-445A-821D-43FB4BA17A11} = {827E0CD3-B72D-47B6-A68D-7590B98EB39B}
		{D225F7C7-2BF8-4FBD-94C2-F8B3EE8A5306} = {827E0CD3-B72D-47B6-A68D-7590B98EB39B}
		{876E7F4E-B168-4A8A-B969-C18B36816C3A} = {827E0CD3-B72D-47B6-A68D-7590B98EB39B}
		{CC5B145C-4B00-4AC9-95E2-716A2799D51B} = {827E0CD3-B72D-47B6-A68D-7590B98EB39B}
	EndGlobalSection
EndGlobal
